lockfileVersion: '9.0'

settings:
  autoInstallPeers: true
  excludeLinksFromLockfile: false

importers:

  .:
    dependencies:
      hono:
        specifier: ^4.12.27
        version: 4.12.27

packages:

  hono@4.12.27:
    resolution: {integrity: sha512-1yrb/+w6HWQJrUCLkJ2IF5jNIPvvFkblV5RNOYl6bV+OA6p9GLcMpHFFGTosSvHvcAUibuUukRqhlYI4z32C7Q==}
    engines: {node: '>=16.9.0'}

snapshots:

  hono@4.12.27: {}
